
Microsoft Visual Studio Solution File, Format Version 12.00
# Visual Studio Version 17
VisualStudioVersion = 17.5.002.0
MinimumVisualStudioVersion = 10.0.40219.1
Project("{9A19103F-16F7-4668-BE54-9A1E7A4F7556}") = "RazorPagesMovie", "RazorPagesMovie.csproj", "{FD2E59F4-A144-4BCA-908F-CF4AB8FDC4C4}"
EndProject
Global
	GlobalSection(SolutionConfigurationPlatforms) = preSolution
		Debug|Any CPU = Debug|Any CPU
		Release|Any CPU = Release|Any CPU
	EndGlobalSection
	GlobalSection(ProjectConfigurationPlatforms) = postSolution
		{FD2E59F4-A144-4BCA-908F-CF4AB8FDC4C4}.Debug|Any CPU.ActiveCfg = Debug|Any CPU
		{FD2E59F4-A144-4BCA-908F-CF4AB8FDC4C4}.Debug|Any CPU.Build.0 = Debug|Any CPU
		{FD2E59F4-A144-4BCA-908F-CF4AB8FDC4C4}.Release|Any CPU.ActiveCfg = Release|Any CPU
		{FD2E59F4-A144-4BCA-908F-CF4AB8FDC4C4}.Release|Any CPU.Build.0 = Release|Any CPU
	EndGlobalSection
	GlobalSection(SolutionProperties) = preSolution
		HideSolutionNode = FALSE
	EndGlobalSection
	GlobalSection(ExtensibilityGlobals) = postSolution
		SolutionGuid = {237D0E2E-0EF0-46EF-B5F0-8D646340754D}
	EndGlobalSection
EndGlobal
